{
  "version": 2,
  "dependencies": {
    ".NETStandard,Version=v2.0": {
      "Microsoft.Extensions.Logging.Abstractions": {
        "type": "Direct",
        "requested": "[10.0.3, )",
        "resolved": "10.0.3",
        "contentHash": "lxl0WLk7ROgBFAsjcOYjQ8/DVK+VMszxGBzUhgtQmAsTNldLL5pk9NG/cWTsXHq0lUhUEAtZkEE7jOGOA8bGKQ==",
        "dependencies": {
          "Microsoft.Extensions.DependencyInjection.Abstractions": "10.0.3",
          "System.Buffers": "4.6.1",
          "System.Diagnostics.DiagnosticSource": "10.0.3",
          "System.Memory": "4.6.3"
        }
      },
      "Microsoft.IO.RecyclableMemoryStream": {
        "type": "Direct",
        "requested": "[3.0.1, )",
        "resolved": "3.0.1",
        "contentHash": "s/s20YTVY9r9TPfTrN5g8zPF1YhwxyqO6PxUkrYTGI2B+OGPe9AdajWZrLhFqXIvqIW23fnUE4+ztrUWNU1+9g==",
        "dependencies": {
          "System.Memory": "4.5.5"
        }
      },
      "Mime": {
        "type": "Direct",
        "requested": "[3.8.0, )",
        "resolved": "3.8.0",
        "contentHash": "SG8QHXjnyLoVeIOSw4ym7orS5LIRPBpzFQYfkgSqyAkeog+eZNMj32UOEO1SxLNBASxNPgVBIacxOOZsenBImg==",
        "dependencies": {
          "MimeTypesMap": "1.0.9"
        }
      },
      "NETStandard.Library": {
        "type": "Direct",
        "requested": "[2.0.3, )",
        "resolved": "2.0.3",
        "contentHash": "st47PosZSHrjECdjeIzZQbzivYBJFv6P2nv4cj2ypdI204DO+vZ7l5raGMiX4eXMJ53RfOIg+/s4DHVZ54Nu2A==",
        "dependencies": {
          "Microsoft.NETCore.Platforms": "1.1.0"
        }
      },
      "SharpCompress": {
        "type": "Direct",
        "requested": "[0.46.2, )",
        "resolved": "0.46.2",
        "contentHash": "qLiVQXsKa1R0lc+StVpHLOLnMR7x0kFJrdfKoSRKJC8rPH0vtPTkYM13InEKgbhvHZ6HqJmA/iQVq/zmQ/5wxg==",
        "dependencies": {
          "Microsoft.Bcl.AsyncInterfaces": "8.0.0",
          "System.Text.Encoding.CodePages": "8.0.0"
        }
      },
      "System.Collections.Immutable": {
        "type": "Direct",
        "requested": "[10.0.3, )",
        "resolved": "10.0.3",
        "contentHash": "gpKPycgDFS2oAPr0yaqwBmShE1ya4yMMkn3lxBPcXrsCI4KL10xSu0cSUzeajQ7LKjb3EsUAgjhBiPGrGU6vSQ==",
        "dependencies": {
          "System.Memory": "4.6.3",
          "System.Runtime.CompilerServices.Unsafe": "6.1.2"
        }
      },
      "System.IO.Hashing": {
        "type": "Direct",
        "requested": "[10.0.3, )",
        "resolved": "10.0.3",
        "contentHash": "La6ICwsdTKhVX+LKN+pvFjQRR3LhLwq3uKdi2knjLzRyPYBSydF4cjXidYxIiTcDD6XVYdsBWQEI8ZxiZ/OdIg==",
        "dependencies": {
          "System.Buffers": "4.6.1",
          "System.Memory": "4.6.3"
        }
      },
      "System.Text.Json": {
        "type": "Direct",
        "requested": "[10.0.3, )",
        "resolved": "10.0.3",
        "contentHash": "NTUt9DL+maqbgrIYCAmeZUbX0NoXaueySyjW/bdOlFdSUDC1l51XnsbVEuj5tuad12vdq5Sviskp9uMVGgCNLw==",
        "dependencies": {
          "Microsoft.Bcl.AsyncInterfaces": "10.0.3",
          "System.Buffers": "4.6.1",
          "System.IO.Pipelines": "10.0.3",
          "System.Memory": "4.6.3",
          "System.Runtime.CompilerServices.Unsafe": "6.1.2",
          "System.Text.Encodings.Web": "10.0.3",
          "System.Threading.Tasks.Extensions": "4.6.3"
        }
      },
      "Microsoft.Bcl.AsyncInterfaces": {
        "type": "Transitive",
        "resolved": "10.0.3",
        "contentHash": "TV62UsrJZPX6gbt3c4WrtXh7bmaDIcMqf9uft1cc4L6gJXOU07hDGEh+bFQh/L2Az0R1WVOkiT66lFqS6G2NmA==",
        "dependencies": {
          "System.Threading.Tasks.Extensions": "4.6.3"
        }
      },
      "Microsoft.Extensions.DependencyInjection.Abstractions": {
        "type": "Transitive",
        "resolved": "10.0.3",
        "contentHash": "bwGMrRcAMWx2s/RDgja97p27rxSz2pEQW0+rX5cWAUWVETVJ/eyxGfjAl8vuG5a+lckWmPIE+vcuaZNVB5YDdw==",
        "dependencies": {
          "Microsoft.Bcl.AsyncInterfaces": "10.0.3",
          "System.Threading.Tasks.Extensions": "4.6.3"
        }
      },
      "Microsoft.NETCore.Platforms": {
        "type": "Transitive",
        "resolved": "1.1.0",
        "contentHash": "kz0PEW2lhqygehI/d6XsPCQzD7ff7gUJaVGPVETX611eadGsA3A877GdSlU0LRVMCTH/+P3o2iDTak+S08V2+A=="
      },
      "MimeTypesMap": {
        "type": "Transitive",
        "resolved": "1.0.9",
        "contentHash": "M0TuSCwL1a8QV0VKw8ysY4AIs6v/Aor3N7GXQeqgNlAvqjx9Kj9KxNd09Pg5RzpY1tCOU8mkrfYBi1Lxwj8quQ=="
      },
      "System.Buffers": {
        "type": "Transitive",
        "resolved": "4.6.1",
        "contentHash": "N8GXpmiLMtljq7gwvyS+1QvKT/W2J8sNAvx+HVg4NGmsG/H+2k/y9QI23auLJRterrzCiDH+IWAw4V/GPwsMlw=="
      },
      "System.Diagnostics.DiagnosticSource": {
        "type": "Transitive",
        "resolved": "10.0.3",
        "contentHash": "IuZXyF3K5X+mCsBKIQ87Cn/V4Nyb39vyCbzfH/AkoneSWNV/ExGQ/I0m4CEaVAeFh9fW6kp2NVObkmevd1Ys7A==",
        "dependencies": {
          "System.Memory": "4.6.3",
          "System.Runtime.CompilerServices.Unsafe": "6.1.2"
        }
      },
      "System.IO.Pipelines": {
        "type": "Transitive",
        "resolved": "10.0.3",
        "contentHash": "WMxiA2jGdHnRBmoVK55YUq5VPaxW0Sg2frPtXV+urUMvpqHIga6lleV/YuryHIuGsAKVjQAjv6PrQ6IJpoLohQ==",
        "dependencies": {
          "System.Buffers": "4.6.1",
          "System.Memory": "4.6.3",
          "System.Threading.Tasks.Extensions": "4.6.3"
        }
      },
      "System.Memory": {
        "type": "Transitive",
        "resolved": "4.6.3",
        "contentHash": "qdcDOgnFZY40+Q9876JUHnlHu7bosOHX8XISRoH94fwk6hgaeQGSgfZd8srWRZNt5bV9ZW2TljcegDNxsf+96A==",
        "dependencies": {
          "System.Buffers": "4.6.1",
          "System.Numerics.Vectors": "4.6.1",
          "System.Runtime.CompilerServices.Unsafe": "6.1.2"
        }
      },
      "System.Numerics.Vectors": {
        "type": "Transitive",
        "resolved": "4.6.1",
        "contentHash": "sQxefTnhagrhoq2ReR0D/6K0zJcr9Hrd6kikeXsA1I8kOCboTavcUC4r7TSfpKFeE163uMuxZcyfO1mGO3EN8Q=="
      },
      "System.Runtime.CompilerServices.Unsafe": {
        "type": "Transitive",
        "resolved": "6.1.2",
        "contentHash": "2hBr6zdbIBTDE3EhK7NSVNdX58uTK6iHW/P/Axmm9sl1xoGSLqDvMtpecn226TNwHByFokYwJmt/aQQNlO5CRw=="
      },
      "System.Text.Encoding.CodePages": {
        "type": "Transitive",
        "resolved": "8.0.0",
        "contentHash": "OZIsVplFGaVY90G2SbpgU7EnCoOO5pw1t4ic21dBF3/1omrJFpAGoNAVpPyMVOC90/hvgkGG3VFqR13YgZMQfg==",
        "dependencies": {
          "System.Memory": "4.5.5",
          "System.Runtime.CompilerServices.Unsafe": "6.0.0"
        }
      },
      "System.Text.Encodings.Web": {
        "type": "Transitive",
        "resolved": "10.0.3",
        "contentHash": "l8QNBPp92bVzl9Kw8nNtm1uYRNNhUrdulZjM4a8YK/QGNa8z9utKsC0bDoPB+Vq8LOlbD3fIyGlabtz80jT7cw==",
        "dependencies": {
          "System.Buffers": "4.6.1",
          "System.Memory": "4.6.3",
          "System.Runtime.CompilerServices.Unsafe": "6.1.2"
        }
      },
      "System.Threading.Tasks.Extensions": {
        "type": "Transitive",
        "resolved": "4.6.3",
        "contentHash": "7sCiwilJLYbTZELaKnc7RecBBXWXA+xMLQWZKWawBxYjp6DBlSE3v9/UcvKBvr1vv2tTOhipiogM8rRmxlhrVA==",
        "dependencies": {
          "System.Runtime.CompilerServices.Unsafe": "6.1.2"
        }
      }
    },
    "net10.0": {
      "Microsoft.Extensions.Logging.Abstractions": {
        "type": "Direct",
        "requested": "[10.0.3, )",
        "resolved": "10.0.3",
        "contentHash": "lxl0WLk7ROgBFAsjcOYjQ8/DVK+VMszxGBzUhgtQmAsTNldLL5pk9NG/cWTsXHq0lUhUEAtZkEE7jOGOA8bGKQ==",
        "dependencies": {
          "Microsoft.Extensions.DependencyInjection.Abstractions": "10.0.3"
        }
      },
      "Microsoft.IO.RecyclableMemoryStream": {
        "type": "Direct",
        "requested": "[3.0.1, )",
        "resolved": "3.0.1",
        "contentHash": "s/s20YTVY9r9TPfTrN5g8zPF1YhwxyqO6PxUkrYTGI2B+OGPe9AdajWZrLhFqXIvqIW23fnUE4+ztrUWNU1+9g=="
      },
      "Mime": {
        "type": "Direct",
        "requested": "[3.8.0, )",
        "resolved": "3.8.0",
        "contentHash": "SG8QHXjnyLoVeIOSw4ym7orS5LIRPBpzFQYfkgSqyAkeog+eZNMj32UOEO1SxLNBASxNPgVBIacxOOZsenBImg==",
        "dependencies": {
          "MimeTypesMap": "1.0.9"
        }
      },
      "SharpCompress": {
        "type": "Direct",
        "requested": "[0.46.2, )",
        "resolved": "0.46.2",
        "contentHash": "qLiVQXsKa1R0lc+StVpHLOLnMR7x0kFJrdfKoSRKJC8rPH0vtPTkYM13InEKgbhvHZ6HqJmA/iQVq/zmQ/5wxg=="
      },
      "System.IO.Hashing": {
        "type": "Direct",
        "requested": "[10.0.3, )",
        "resolved": "10.0.3",
        "contentHash": "La6ICwsdTKhVX+LKN+pvFjQRR3LhLwq3uKdi2knjLzRyPYBSydF4cjXidYxIiTcDD6XVYdsBWQEI8ZxiZ/OdIg=="
      },
      "Microsoft.Extensions.DependencyInjection.Abstractions": {
        "type": "Transitive",
        "resolved": "10.0.3",
        "contentHash": "bwGMrRcAMWx2s/RDgja97p27rxSz2pEQW0+rX5cWAUWVETVJ/eyxGfjAl8vuG5a+lckWmPIE+vcuaZNVB5YDdw=="
      },
      "MimeTypesMap": {
        "type": "Transitive",
        "resolved": "1.0.9",
        "contentHash": "M0TuSCwL1a8QV0VKw8ysY4AIs6v/Aor3N7GXQeqgNlAvqjx9Kj9KxNd09Pg5RzpY1tCOU8mkrfYBi1Lxwj8quQ=="
      }
    },
    "net8.0": {
      "Microsoft.Extensions.Logging.Abstractions": {
        "type": "Direct",
        "requested": "[10.0.3, )",
        "resolved": "10.0.3",
        "contentHash": "lxl0WLk7ROgBFAsjcOYjQ8/DVK+VMszxGBzUhgtQmAsTNldLL5pk9NG/cWTsXHq0lUhUEAtZkEE7jOGOA8bGKQ==",
        "dependencies": {
          "Microsoft.Extensions.DependencyInjection.Abstractions": "10.0.3",
          "System.Diagnostics.DiagnosticSource": "10.0.3"
        }
      },
      "Microsoft.IO.RecyclableMemoryStream": {
        "type": "Direct",
        "requested": "[3.0.1, )",
        "resolved": "3.0.1",
        "contentHash": "s/s20YTVY9r9TPfTrN5g8zPF1YhwxyqO6PxUkrYTGI2B+OGPe9AdajWZrLhFqXIvqIW23fnUE4+ztrUWNU1+9g=="
      },
      "Mime": {
        "type": "Direct",
        "requested": "[3.8.0, )",
        "resolved": "3.8.0",
        "contentHash": "SG8QHXjnyLoVeIOSw4ym7orS5LIRPBpzFQYfkgSqyAkeog+eZNMj32UOEO1SxLNBASxNPgVBIacxOOZsenBImg==",
        "dependencies": {
          "MimeTypesMap": "1.0.9"
        }
      },
      "SharpCompress": {
        "type": "Direct",
        "requested": "[0.46.2, )",
        "resolved": "0.46.2",
        "contentHash": "qLiVQXsKa1R0lc+StVpHLOLnMR7x0kFJrdfKoSRKJC8rPH0vtPTkYM13InEKgbhvHZ6HqJmA/iQVq/zmQ/5wxg=="
      },
      "System.IO.Hashing": {
        "type": "Direct",
        "requested": "[10.0.3, )",
        "resolved": "10.0.3",
        "contentHash": "La6ICwsdTKhVX+LKN+pvFjQRR3LhLwq3uKdi2knjLzRyPYBSydF4cjXidYxIiTcDD6XVYdsBWQEI8ZxiZ/OdIg=="
      },
      "Microsoft.Extensions.DependencyInjection.Abstractions": {
        "type": "Transitive",
        "resolved": "10.0.3",
        "contentHash": "bwGMrRcAMWx2s/RDgja97p27rxSz2pEQW0+rX5cWAUWVETVJ/eyxGfjAl8vuG5a+lckWmPIE+vcuaZNVB5YDdw=="
      },
      "MimeTypesMap": {
        "type": "Transitive",
        "resolved": "1.0.9",
        "contentHash": "M0TuSCwL1a8QV0VKw8ysY4AIs6v/Aor3N7GXQeqgNlAvqjx9Kj9KxNd09Pg5RzpY1tCOU8mkrfYBi1Lxwj8quQ=="
      },
      "System.Diagnostics.DiagnosticSource": {
        "type": "Transitive",
        "resolved": "10.0.3",
        "contentHash": "IuZXyF3K5X+mCsBKIQ87Cn/V4Nyb39vyCbzfH/AkoneSWNV/ExGQ/I0m4CEaVAeFh9fW6kp2NVObkmevd1Ys7A=="
      }
    }
  }
}