{
  "version": 2,
  "dependencies": {
    "net8.0": {
      "Microsoft.IO.RecyclableMemoryStream": {
        "type": "Direct",
        "requested": "[3.0.1, )",
        "resolved": "3.0.1",
        "contentHash": "s/s20YTVY9r9TPfTrN5g8zPF1YhwxyqO6PxUkrYTGI2B+OGPe9AdajWZrLhFqXIvqIW23fnUE4+ztrUWNU1+9g=="
      },
      "Mime": {
        "type": "Direct",
        "requested": "[3.8.0, )",
        "resolved": "3.8.0",
        "contentHash": "SG8QHXjnyLoVeIOSw4ym7orS5LIRPBpzFQYfkgSqyAkeog+eZNMj32UOEO1SxLNBASxNPgVBIacxOOZsenBImg==",
        "dependencies": {
          "MimeTypesMap": "1.0.9"
        }
      },
      "SharpCompress": {
        "type": "Direct",
        "requested": "[0.46.0, )",
        "resolved": "0.46.0",
        "contentHash": "CH7Dvn+Dr3dQRbBcEywxu2nm0Pipc0q7R63NVqqgF72FQF72pVp80PhENYUHHwejl+5pl6537ByRmAnrnZebYg=="
      },
      "System.IO.Hashing": {
        "type": "Direct",
        "requested": "[10.0.2, )",
        "resolved": "10.0.2",
        "contentHash": "AKJknIFi9O3+rGExxTry188JPvUoZAPcCtS2qdqyFhIzsxQ1Ap94BeGDG0VzVEHakhmRxmJtVih6TsHoghIt/g=="
      },
      "MimeTypesMap": {
        "type": "Transitive",
        "resolved": "1.0.9",
        "contentHash": "M0TuSCwL1a8QV0VKw8ysY4AIs6v/Aor3N7GXQeqgNlAvqjx9Kj9KxNd09Pg5RzpY1tCOU8mkrfYBi1Lxwj8quQ=="
      }
    }
  }
}