{
  "version": 1,
  "dependencies": {
    "net10.0": {
      "Tomtastisch.FileClassifier": {
        "type": "Direct",
        "requested": "[6.1.13, )",
        "resolved": "6.1.13",
        "contentHash": "igHjt4AfqU6UwTkbkGDRN86d+tuWdBRS/m13h9fmcEWw+jeJjrg17EOhP9EGxqYDsYTgJUxBFQWa80f8tNezwQ==",
        "dependencies": {
          "Microsoft.Extensions.Logging.Abstractions": "10.0.3",
          "Microsoft.IO.RecyclableMemoryStream": "3.0.1",
          "Mime": "3.8.0",
          "SharpCompress": "0.46.2",
          "System.IO.Hashing": "10.0.3"
        }
      },
      "Microsoft.Extensions.DependencyInjection.Abstractions": {
        "type": "Transitive",
        "resolved": "10.0.3",
        "contentHash": "bwGMrRcAMWx2s/RDgja97p27rxSz2pEQW0+rX5cWAUWVETVJ/eyxGfjAl8vuG5a+lckWmPIE+vcuaZNVB5YDdw=="
      },
      "Microsoft.Extensions.Logging.Abstractions": {
        "type": "Transitive",
        "resolved": "10.0.3",
        "contentHash": "lxl0WLk7ROgBFAsjcOYjQ8/DVK+VMszxGBzUhgtQmAsTNldLL5pk9NG/cWTsXHq0lUhUEAtZkEE7jOGOA8bGKQ==",
        "dependencies": {
          "Microsoft.Extensions.DependencyInjection.Abstractions": "10.0.3"
        }
      },
      "Microsoft.IO.RecyclableMemoryStream": {
        "type": "Transitive",
        "resolved": "3.0.1",
        "contentHash": "s/s20YTVY9r9TPfTrN5g8zPF1YhwxyqO6PxUkrYTGI2B+OGPe9AdajWZrLhFqXIvqIW23fnUE4+ztrUWNU1+9g=="
      },
      "Mime": {
        "type": "Transitive",
        "resolved": "3.8.0",
        "contentHash": "SG8QHXjnyLoVeIOSw4ym7orS5LIRPBpzFQYfkgSqyAkeog+eZNMj32UOEO1SxLNBASxNPgVBIacxOOZsenBImg==",
        "dependencies": {
          "MimeTypesMap": "1.0.9"
        }
      },
      "MimeTypesMap": {
        "type": "Transitive",
        "resolved": "1.0.9",
        "contentHash": "M0TuSCwL1a8QV0VKw8ysY4AIs6v/Aor3N7GXQeqgNlAvqjx9Kj9KxNd09Pg5RzpY1tCOU8mkrfYBi1Lxwj8quQ=="
      },
      "SharpCompress": {
        "type": "Transitive",
        "resolved": "0.46.2",
        "contentHash": "qLiVQXsKa1R0lc+StVpHLOLnMR7x0kFJrdfKoSRKJC8rPH0vtPTkYM13InEKgbhvHZ6HqJmA/iQVq/zmQ/5wxg=="
      },
      "System.IO.Hashing": {
        "type": "Transitive",
        "resolved": "10.0.3",
        "contentHash": "La6ICwsdTKhVX+LKN+pvFjQRR3LhLwq3uKdi2knjLzRyPYBSydF4cjXidYxIiTcDD6XVYdsBWQEI8ZxiZ/OdIg=="
      }
    },
    "net8.0": {
      "Tomtastisch.FileClassifier": {
        "type": "Direct",
        "requested": "[6.1.13, )",
        "resolved": "6.1.13",
        "contentHash": "igHjt4AfqU6UwTkbkGDRN86d+tuWdBRS/m13h9fmcEWw+jeJjrg17EOhP9EGxqYDsYTgJUxBFQWa80f8tNezwQ==",
        "dependencies": {
          "Microsoft.Extensions.Logging.Abstractions": "10.0.3",
          "Microsoft.IO.RecyclableMemoryStream": "3.0.1",
          "Mime": "3.8.0",
          "SharpCompress": "0.46.2",
          "System.IO.Hashing": "10.0.3"
        }
      },
      "Microsoft.Extensions.DependencyInjection.Abstractions": {
        "type": "Transitive",
        "resolved": "10.0.3",
        "contentHash": "bwGMrRcAMWx2s/RDgja97p27rxSz2pEQW0+rX5cWAUWVETVJ/eyxGfjAl8vuG5a+lckWmPIE+vcuaZNVB5YDdw=="
      },
      "Microsoft.Extensions.Logging.Abstractions": {
        "type": "Transitive",
        "resolved": "10.0.3",
        "contentHash": "lxl0WLk7ROgBFAsjcOYjQ8/DVK+VMszxGBzUhgtQmAsTNldLL5pk9NG/cWTsXHq0lUhUEAtZkEE7jOGOA8bGKQ==",
        "dependencies": {
          "Microsoft.Extensions.DependencyInjection.Abstractions": "10.0.3",
          "System.Diagnostics.DiagnosticSource": "10.0.3"
        }
      },
      "Microsoft.IO.RecyclableMemoryStream": {
        "type": "Transitive",
        "resolved": "3.0.1",
        "contentHash": "s/s20YTVY9r9TPfTrN5g8zPF1YhwxyqO6PxUkrYTGI2B+OGPe9AdajWZrLhFqXIvqIW23fnUE4+ztrUWNU1+9g=="
      },
      "Mime": {
        "type": "Transitive",
        "resolved": "3.8.0",
        "contentHash": "SG8QHXjnyLoVeIOSw4ym7orS5LIRPBpzFQYfkgSqyAkeog+eZNMj32UOEO1SxLNBASxNPgVBIacxOOZsenBImg==",
        "dependencies": {
          "MimeTypesMap": "1.0.9"
        }
      },
      "MimeTypesMap": {
        "type": "Transitive",
        "resolved": "1.0.9",
        "contentHash": "M0TuSCwL1a8QV0VKw8ysY4AIs6v/Aor3N7GXQeqgNlAvqjx9Kj9KxNd09Pg5RzpY1tCOU8mkrfYBi1Lxwj8quQ=="
      },
      "SharpCompress": {
        "type": "Transitive",
        "resolved": "0.46.2",
        "contentHash": "qLiVQXsKa1R0lc+StVpHLOLnMR7x0kFJrdfKoSRKJC8rPH0vtPTkYM13InEKgbhvHZ6HqJmA/iQVq/zmQ/5wxg=="
      },
      "System.Diagnostics.DiagnosticSource": {
        "type": "Transitive",
        "resolved": "10.0.3",
        "contentHash": "IuZXyF3K5X+mCsBKIQ87Cn/V4Nyb39vyCbzfH/AkoneSWNV/ExGQ/I0m4CEaVAeFh9fW6kp2NVObkmevd1Ys7A=="
      },
      "System.IO.Hashing": {
        "type": "Transitive",
        "resolved": "10.0.3",
        "contentHash": "La6ICwsdTKhVX+LKN+pvFjQRR3LhLwq3uKdi2knjLzRyPYBSydF4cjXidYxIiTcDD6XVYdsBWQEI8ZxiZ/OdIg=="
      }
    }
  }
}